
Microsoft Visual Studio Solution File, Format Version 12.00
# Visual Studio Version 16
VisualStudioVersion = 16.0.36631.11
MinimumVisualStudioVersion = 10.0.40219.1
Project("{FAE04EC0-301F-11D3-BF4B-00C04F79EFBC}") = "Cabinet_Medical_Maria_Salau", "Cabinet_Medical_Maria_Salau.csproj", "{601EA999-FC8C-4147-A606-71BFFB9EBFEE}"
EndProject
Global
	GlobalSection(SolutionConfigurationPlatforms) = preSolution
		Debug|Any CPU = Debug|Any CPU
		Release|Any CPU = Release|Any CPU
	EndGlobalSection
	GlobalSection(ProjectConfigurationPlatforms) = postSolution
		{601EA999-FC8C-4147-A606-71BFFB9EBFEE}.Debug|Any CPU.ActiveCfg = Debug|Any CPU
		{601EA999-FC8C-4147-A606-71BFFB9EBFEE}.Debug|Any CPU.Build.0 = Debug|Any CPU
		{601EA999-FC8C-4147-A606-71BFFB9EBFEE}.Release|Any CPU.ActiveCfg = Release|Any CPU
		{601EA999-FC8C-4147-A606-71BFFB9EBFEE}.Release|Any CPU.Build.0 = Release|Any CPU
	EndGlobalSection
	GlobalSection(SolutionProperties) = preSolution
		HideSolutionNode = FALSE
	EndGlobalSection
	GlobalSection(ExtensibilityGlobals) = postSolution
		SolutionGuid = {6E91BFCE-9452-47FB-834D-B019D8E4995E}
	EndGlobalSection
EndGlobal
